// !$*UTF8*$!
{
	archiveVersion = 1;
	classes = {
	};
	objectVersion = 46;
	objects = {

/* Begin PBXBuildFile section */
		D000DC3A18AB45410037C0F8 /* Localizable.strings in Resources */ = {isa = PBXBuildFile; fileRef = D000DC3C18AB45410037C0F8 /* Localizable.strings */; };
		D000DCB218AB72220037C0F8 /* RSNewCardViewController.mm in Sources */ = {isa = PBXBuildFile; fileRef = D000DCB118AB72220037C0F8 /* RSNewCardViewController.mm */; };
		D000DCB418ADBCEC0037C0F8 /* FZQingKeBenYueSongS-R-GB.TTF in Resources */ = {isa = PBXBuildFile; fileRef = D000DCB318ADBCEC0037C0F8 /* FZQingKeBenYueSongS-R-GB.TTF */; };
		D000DCB718ADC1EB0037C0F8 /* RSMapViewController.m in Sources */ = {isa = PBXBuildFile; fileRef = D000DCB618ADC1EB0037C0F8 /* RSMapViewController.m */; };
		D000DCBA18ADC5C30037C0F8 /* RSSalesViewController.m in Sources */ = {isa = PBXBuildFile; fileRef = D000DCB918ADC5C30037C0F8 /* RSSalesViewController.m */; };
		D000DCBC18ADC7CE0037C0F8 /* AVFoundation.framework in Frameworks */ = {isa = PBXBuildFile; fileRef = D000DCBB18ADC7CE0037C0F8 /* AVFoundation.framework */; };
		D000DCBF18ADFD5A0037C0F8 /* RSDynamicsDrawerViewController.m in Sources */ = {isa = PBXBuildFile; fileRef = D000DCBE18ADFD5A0037C0F8 /* RSDynamicsDrawerViewController.m */; };
		D000DCC218AE13A90037C0F8 /* RSStatisticsViewController.m in Sources */ = {isa = PBXBuildFile; fileRef = D000DCC118AE13A90037C0F8 /* RSStatisticsViewController.m */; };
		D000DCC518AE14780037C0F8 /* RSScanViewController.m in Sources */ = {isa = PBXBuildFile; fileRef = D000DCC418AE14780037C0F8 /* RSScanViewController.m */; };
		D011DEBC18ABA8720093F905 /* BmobSDK.framework in Frameworks */ = {isa = PBXBuildFile; fileRef = D011DEBB18ABA8720093F905 /* BmobSDK.framework */; };
		D011DEC218AF9A0C0093F905 /* RSDataCenter.m in Sources */ = {isa = PBXBuildFile; fileRef = D011DEC118AF9A0C0093F905 /* RSDataCenter.m */; };
		D017348418876DAA00C07608 /* Foundation.framework in Frameworks */ = {isa = PBXBuildFile; fileRef = D017348318876DAA00C07608 /* Foundation.framework */; };
		D017348618876DAA00C07608 /* CoreGraphics.framework in Frameworks */ = {isa = PBXBuildFile; fileRef = D017348518876DAA00C07608 /* CoreGraphics.framework */; };
		D017348818876DAA00C07608 /* UIKit.framework in Frameworks */ = {isa = PBXBuildFile; fileRef = D017348718876DAA00C07608 /* UIKit.framework */; };
		D017348E18876DAA00C07608 /* InfoPlist.strings in Resources */ = {isa = PBXBuildFile; fileRef = D017348C18876DAA00C07608 /* InfoPlist.strings */; };
		D017349018876DAA00C07608 /* main.m in Sources */ = {isa = PBXBuildFile; fileRef = D017348F18876DAA00C07608 /* main.m */; };
		D017349418876DAA00C07608 /* RSAppDelegate.m in Sources */ = {isa = PBXBuildFile; fileRef = D017349318876DAA00C07608 /* RSAppDelegate.m */; };
		D017349718876DAA00C07608 /* Main.storyboard in Resources */ = {isa = PBXBuildFile; fileRef = D017349518876DAA00C07608 /* Main.storyboard */; };
		D017349C18876DAA00C07608 /* Images.xcassets in Resources */ = {isa = PBXBuildFile; fileRef = D017349B18876DAA00C07608 /* Images.xcassets */; };
		D01734A318876DAA00C07608 /* XCTest.framework in Frameworks */ = {isa = PBXBuildFile; fileRef = D01734A218876DAA00C07608 /* XCTest.framework */; };
		D01734A418876DAA00C07608 /* Foundation.framework in Frameworks */ = {isa = PBXBuildFile; fileRef = D017348318876DAA00C07608 /* Foundation.framework */; };
		D01734A518876DAA00C07608 /* UIKit.framework in Frameworks */ = {isa = PBXBuildFile; fileRef = D017348718876DAA00C07608 /* UIKit.framework */; };
		D01734AD18876DAA00C07608 /* InfoPlist.strings in Resources */ = {isa = PBXBuildFile; fileRef = D01734AB18876DAA00C07608 /* InfoPlist.strings */; };
		D01734AF18876DAA00C07608 /* ImVIPTests.m in Sources */ = {isa = PBXBuildFile; fileRef = D01734AE18876DAA00C07608 /* ImVIPTests.m */; };
		D01734C418878BEF00C07608 /* RSMenuViewController.m in Sources */ = {isa = PBXBuildFile; fileRef = D01734C318878BEE00C07608 /* RSMenuViewController.m */; };
		D0194F7C18A9BA4A00297511 /* RSMenuCell.m in Sources */ = {isa = PBXBuildFile; fileRef = D0194F7B18A9BA4A00297511 /* RSMenuCell.m */; };
		D045895C1894FA4D00077C69 /* RSCardCell.m in Sources */ = {isa = PBXBuildFile; fileRef = D045895B1894FA4D00077C69 /* RSCardCell.m */; };
		D04B82E718A4DA5D007971B3 /* RSCardViewController.m in Sources */ = {isa = PBXBuildFile; fileRef = D04B82E618A4DA5D007971B3 /* RSCardViewController.m */; };
		D04FD2601892BC0E00EA5646 /* RSProfileViewController.m in Sources */ = {isa = PBXBuildFile; fileRef = D04FD25F1892BC0E00EA5646 /* RSProfileViewController.m */; };
		D09E2CB01893DA7100786A56 /* RSCardsViewController.m in Sources */ = {isa = PBXBuildFile; fileRef = D09E2CAF1893DA7100786A56 /* RSCardsViewController.m */; };
		D09F2EBB18B59413004DC7E9 /* RSCardView.xib in Resources */ = {isa = PBXBuildFile; fileRef = D09F2EBA18B59413004DC7E9 /* RSCardView.xib */; };
		D09F2EBE18B59690004DC7E9 /* RSCardView.m in Sources */ = {isa = PBXBuildFile; fileRef = D09F2EBD18B59690004DC7E9 /* RSCardView.m */; };
		D09F2EC118B5EF1C004DC7E9 /* Farrington-7B-Qiqi.ttf in Resources */ = {isa = PBXBuildFile; fileRef = D09F2EC018B5EF1C004DC7E9 /* Farrington-7B-Qiqi.ttf */; };
		D0A1E9BD18963D8300D3C770 /* RSTitleView.xib in Resources */ = {isa = PBXBuildFile; fileRef = D0A1E9BC18963D8300D3C770 /* RSTitleView.xib */; };
		D0A1E9C018963D9800D3C770 /* RSTitleView.m in Sources */ = {isa = PBXBuildFile; fileRef = D0A1E9BF18963D9800D3C770 /* RSTitleView.m */; };
		D0D9C63A1888F9950000D1E5 /* uiss.json in Resources */ = {isa = PBXBuildFile; fileRef = D0D9C6391888F9950000D1E5 /* uiss.json */; };
		D0F76EFC18B345640069CAB9 /* RSAchievements.m in Sources */ = {isa = PBXBuildFile; fileRef = D0F76EFB18B345640069CAB9 /* RSAchievements.m */; };
		D0F76EFF18B442FC0069CAB9 /* RSStatistics.m in Sources */ = {isa = PBXBuildFile; fileRef = D0F76EFE18B442FC0069CAB9 /* RSStatistics.m */; };
		D0F76F0218B47F3E0069CAB9 /* RSPOIView.xib in Resources */ = {isa = PBXBuildFile; fileRef = D0F76F0118B47F3E0069CAB9 /* RSPOIView.xib */; };
		D0F76F0518B481770069CAB9 /* RSPOIView.m in Sources */ = {isa = PBXBuildFile; fileRef = D0F76F0418B481770069CAB9 /* RSPOIView.m */; };
		ECC1382A82A84BA9A347A2AE /* libPods.a in Frameworks */ = {isa = PBXBuildFile; fileRef = C9E7771E61A14EFFBA17B572 /* libPods.a */; };
/* End PBXBuildFile section */

/* Begin PBXContainerItemProxy section */
		D01734A618876DAA00C07608 /* PBXContainerItemProxy */ = {
			isa = PBXContainerItemProxy;
			containerPortal = D017347818876DAA00C07608 /* Project object */;
			proxyType = 1;
			remoteGlobalIDString = D017347F18876DAA00C07608;
			remoteInfo = ImVIP;
		};
/* End PBXContainerItemProxy section */

/* Begin PBXFileReference section */
		9B206531C80E4AC297ED7197 /* Pods.xcconfig */ = {isa = PBXFileReference; includeInIndex = 1; lastKnownFileType = text.xcconfig; name = Pods.xcconfig; path = Pods/Pods.xcconfig; sourceTree = "<group>"; };
		C9E7771E61A14EFFBA17B572 /* libPods.a */ = {isa = PBXFileReference; explicitFileType = archive.ar; includeInIndex = 0; path = libPods.a; sourceTree = BUILT_PRODUCTS_DIR; };
		D000DC3B18AB45410037C0F8 /* Base */ = {isa = PBXFileReference; lastKnownFileType = text.plist.strings; name = Base; path = Base.lproj/Localizable.strings; sourceTree = "<group>"; };
		D000DC3D18AB45530037C0F8 /* zh-Hans */ = {isa = PBXFileReference; lastKnownFileType = text.plist.strings; name = "zh-Hans"; path = "zh-Hans.lproj/Localizable.strings"; sourceTree = "<group>"; };
		D000DCB018AB72220037C0F8 /* RSNewCardViewController.h */ = {isa = PBXFileReference; fileEncoding = 4; lastKnownFileType = sourcecode.c.h; path = RSNewCardViewController.h; sourceTree = "<group>"; };
		D000DCB118AB72220037C0F8 /* RSNewCardViewController.mm */ = {isa = PBXFileReference; fileEncoding = 4; lastKnownFileType = sourcecode.cpp.objcpp; path = RSNewCardViewController.mm; sourceTree = "<group>"; };
		D000DCB318ADBCEC0037C0F8 /* FZQingKeBenYueSongS-R-GB.TTF */ = {isa = PBXFileReference; lastKnownFileType = file; name = "FZQingKeBenYueSongS-R-GB.TTF"; path = "Fonts/FZQingKeBenYueSongS-R-GB.TTF"; sourceTree = SOURCE_ROOT; };
		D000DCB518ADC1EB0037C0F8 /* RSMapViewController.h */ = {isa = PBXFileReference; fileEncoding = 4; lastKnownFileType = sourcecode.c.h; path = RSMapViewController.h; sourceTree = "<group>"; };
		D000DCB618ADC1EB0037C0F8 /* RSMapViewController.m */ = {isa = PBXFileReference; fileEncoding = 4; lastKnownFileType = sourcecode.c.objc; path = RSMapViewController.m; sourceTree = "<group>"; };
		D000DCB818ADC5C30037C0F8 /* RSSalesViewController.h */ = {isa = PBXFileReference; fileEncoding = 4; lastKnownFileType = sourcecode.c.h; path = RSSalesViewController.h; sourceTree = "<group>"; };
		D000DCB918ADC5C30037C0F8 /* RSSalesViewController.m */ = {isa = PBXFileReference; fileEncoding = 4; lastKnownFileType = sourcecode.c.objc; path = RSSalesViewController.m; sourceTree = "<group>"; };
		D000DCBB18ADC7CE0037C0F8 /* AVFoundation.framework */ = {isa = PBXFileReference; lastKnownFileType = wrapper.framework; name = AVFoundation.framework; path = System/Library/Frameworks/AVFoundation.framework; sourceTree = SDKROOT; };
		D000DCBD18ADFD5A0037C0F8 /* RSDynamicsDrawerViewController.h */ = {isa = PBXFileReference; fileEncoding = 4; lastKnownFileType = sourcecode.c.h; path = RSDynamicsDrawerViewController.h; sourceTree = "<group>"; };
		D000DCBE18ADFD5A0037C0F8 /* RSDynamicsDrawerViewController.m */ = {isa = PBXFileReference; fileEncoding = 4; lastKnownFileType = sourcecode.c.objc; path = RSDynamicsDrawerViewController.m; sourceTree = "<group>"; };
		D000DCC018AE13A90037C0F8 /* RSStatisticsViewController.h */ = {isa = PBXFileReference; fileEncoding = 4; lastKnownFileType = sourcecode.c.h; path = RSStatisticsViewController.h; sourceTree = "<group>"; };
		D000DCC118AE13A90037C0F8 /* RSStatisticsViewController.m */ = {isa = PBXFileReference; fileEncoding = 4; lastKnownFileType = sourcecode.c.objc; path = RSStatisticsViewController.m; sourceTree = "<group>"; };
		D000DCC318AE14780037C0F8 /* RSScanViewController.h */ = {isa = PBXFileReference; fileEncoding = 4; lastKnownFileType = sourcecode.c.h; path = RSScanViewController.h; sourceTree = "<group>"; };
		D000DCC418AE14780037C0F8 /* RSScanViewController.m */ = {isa = PBXFileReference; fileEncoding = 4; lastKnownFileType = sourcecode.c.objc; path = RSScanViewController.m; sourceTree = "<group>"; };
		D011DEBB18ABA8720093F905 /* BmobSDK.framework */ = {isa = PBXFileReference; lastKnownFileType = wrapper.framework; name = BmobSDK.framework; path = Bmob/BmobSDK.framework; sourceTree = "<group>"; };
		D011DEC018AF9A0C0093F905 /* RSDataCenter.h */ = {isa = PBXFileReference; fileEncoding = 4; lastKnownFileType = sourcecode.c.h; path = RSDataCenter.h; sourceTree = "<group>"; };
		D011DEC118AF9A0C0093F905 /* RSDataCenter.m */ = {isa = PBXFileReference; fileEncoding = 4; lastKnownFileType = sourcecode.c.objc; path = RSDataCenter.m; sourceTree = "<group>"; };
		D017348018876DAA00C07608 /* ImVIP.app */ = {isa = PBXFileReference; explicitFileType = wrapper.application; includeInIndex = 0; path = ImVIP.app; sourceTree = BUILT_PRODUCTS_DIR; };
		D017348318876DAA00C07608 /* Foundation.framework */ = {isa = PBXFileReference; lastKnownFileType = wrapper.framework; name = Foundation.framework; path = System/Library/Frameworks/Foundation.framework; sourceTree = SDKROOT; };
		D017348518876DAA00C07608 /* CoreGraphics.framework */ = {isa = PBXFileReference; lastKnownFileType = wrapper.framework; name = CoreGraphics.framework; path = System/Library/Frameworks/CoreGraphics.framework; sourceTree = SDKROOT; };
		D017348718876DAA00C07608 /* UIKit.framework */ = {isa = PBXFileReference; lastKnownFileType = wrapper.framework; name = UIKit.framework; path = System/Library/Frameworks/UIKit.framework; sourceTree = SDKROOT; };
		D017348B18876DAA00C07608 /* ImVIP-Info.plist */ = {isa = PBXFileReference; lastKnownFileType = text.plist.xml; path = "ImVIP-Info.plist"; sourceTree = "<group>"; };
		D017348D18876DAA00C07608 /* en */ = {isa = PBXFileReference; lastKnownFileType = text.plist.strings; name = en; path = en.lproj/InfoPlist.strings; sourceTree = "<group>"; };
		D017348F18876DAA00C07608 /* main.m */ = {isa = PBXFileReference; lastKnownFileType = sourcecode.c.objc; path = main.m; sourceTree = "<group>"; };
		D017349118876DAA00C07608 /* ImVIP-Prefix.pch */ = {isa = PBXFileReference; lastKnownFileType = sourcecode.c.h; path = "ImVIP-Prefix.pch"; sourceTree = "<group>"; };
		D017349218876DAA00C07608 /* RSAppDelegate.h */ = {isa = PBXFileReference; lastKnownFileType = sourcecode.c.h; path = RSAppDelegate.h; sourceTree = "<group>"; };
		D017349318876DAA00C07608 /* RSAppDelegate.m */ = {isa = PBXFileReference; lastKnownFileType = sourcecode.c.objc; path = RSAppDelegate.m; sourceTree = "<group>"; };
		D017349618876DAA00C07608 /* Base */ = {isa = PBXFileReference; lastKnownFileType = file.storyboard; name = Base; path = Base.lproj/Main.storyboard; sourceTree = "<group>"; };
		D017349B18876DAA00C07608 /* Images.xcassets */ = {isa = PBXFileReference; lastKnownFileType = folder.assetcatalog; path = Images.xcassets; sourceTree = "<group>"; };
		D01734A118876DAA00C07608 /* ImVIPTests.xctest */ = {isa = PBXFileReference; explicitFileType = wrapper.cfbundle; includeInIndex = 0; path = ImVIPTests.xctest; sourceTree = BUILT_PRODUCTS_DIR; };
		D01734A218876DAA00C07608 /* XCTest.framework */ = {isa = PBXFileReference; lastKnownFileType = wrapper.framework; name = XCTest.framework; path = Library/Frameworks/XCTest.framework; sourceTree = DEVELOPER_DIR; };
		D01734AA18876DAA00C07608 /* ImVIPTests-Info.plist */ = {isa = PBXFileReference; lastKnownFileType = text.plist.xml; path = "ImVIPTests-Info.plist"; sourceTree = "<group>"; };
		D01734AC18876DAA00C07608 /* en */ = {isa = PBXFileReference; lastKnownFileType = text.plist.strings; name = en; path = en.lproj/InfoPlist.strings; sourceTree = "<group>"; };
		D01734AE18876DAA00C07608 /* ImVIPTests.m */ = {isa = PBXFileReference; lastKnownFileType = sourcecode.c.objc; path = ImVIPTests.m; sourceTree = "<group>"; };
		D01734C218878BEE00C07608 /* RSMenuViewController.h */ = {isa = PBXFileReference; fileEncoding = 4; lastKnownFileType = sourcecode.c.h; path = RSMenuViewController.h; sourceTree = "<group>"; };
		D01734C318878BEE00C07608 /* RSMenuViewController.m */ = {isa = PBXFileReference; fileEncoding = 4; lastKnownFileType = sourcecode.c.objc; path = RSMenuViewController.m; sourceTree = "<group>"; };
		D01734C81887B3AC00C07608 /* SFUIViewMacroses.h */ = {isa = PBXFileReference; fileEncoding = 4; lastKnownFileType = sourcecode.c.h; path = SFUIViewMacroses.h; sourceTree = "<group>"; };
		D0194F7A18A9BA4A00297511 /* RSMenuCell.h */ = {isa = PBXFileReference; fileEncoding = 4; lastKnownFileType = sourcecode.c.h; path = RSMenuCell.h; sourceTree = "<group>"; };
		D0194F7B18A9BA4A00297511 /* RSMenuCell.m */ = {isa = PBXFileReference; fileEncoding = 4; lastKnownFileType = sourcecode.c.objc; path = RSMenuCell.m; sourceTree = "<group>"; };
		D045895A1894FA4D00077C69 /* RSCardCell.h */ = {isa = PBXFileReference; fileEncoding = 4; lastKnownFileType = sourcecode.c.h; path = RSCardCell.h; sourceTree = "<group>"; };
		D045895B1894FA4D00077C69 /* RSCardCell.m */ = {isa = PBXFileReference; fileEncoding = 4; lastKnownFileType = sourcecode.c.objc; path = RSCardCell.m; sourceTree = "<group>"; };
		D04B82E518A4DA5D007971B3 /* RSCardViewController.h */ = {isa = PBXFileReference; fileEncoding = 4; lastKnownFileType = sourcecode.c.h; path = RSCardViewController.h; sourceTree = "<group>"; };
		D04B82E618A4DA5D007971B3 /* RSCardViewController.m */ = {isa = PBXFileReference; fileEncoding = 4; lastKnownFileType = sourcecode.c.objc; path = RSCardViewController.m; sourceTree = "<group>"; };
		D04FD25E1892BC0E00EA5646 /* RSProfileViewController.h */ = {isa = PBXFileReference; fileEncoding = 4; lastKnownFileType = sourcecode.c.h; path = RSProfileViewController.h; sourceTree = "<group>"; };
		D04FD25F1892BC0E00EA5646 /* RSProfileViewController.m */ = {isa = PBXFileReference; fileEncoding = 4; lastKnownFileType = sourcecode.c.objc; path = RSProfileViewController.m; sourceTree = "<group>"; };
		D09E2CAE1893DA7100786A56 /* RSCardsViewController.h */ = {isa = PBXFileReference; fileEncoding = 4; lastKnownFileType = sourcecode.c.h; path = RSCardsViewController.h; sourceTree = "<group>"; };
		D09E2CAF1893DA7100786A56 /* RSCardsViewController.m */ = {isa = PBXFileReference; fileEncoding = 4; lastKnownFileType = sourcecode.c.objc; path = RSCardsViewController.m; sourceTree = "<group>"; };
		D09F2EBA18B59413004DC7E9 /* RSCardView.xib */ = {isa = PBXFileReference; fileEncoding = 4; lastKnownFileType = file.xib; path = RSCardView.xib; sourceTree = "<group>"; };
		D09F2EBC18B59690004DC7E9 /* RSCardView.h */ = {isa = PBXFileReference; fileEncoding = 4; lastKnownFileType = sourcecode.c.h; path = RSCardView.h; sourceTree = "<group>"; };
		D09F2EBD18B59690004DC7E9 /* RSCardView.m */ = {isa = PBXFileReference; fileEncoding = 4; lastKnownFileType = sourcecode.c.objc; path = RSCardView.m; sourceTree = "<group>"; };
		D09F2EC018B5EF1C004DC7E9 /* Farrington-7B-Qiqi.ttf */ = {isa = PBXFileReference; lastKnownFileType = file; name = "Farrington-7B-Qiqi.ttf"; path = "Fonts/Farrington-7B-Qiqi.ttf"; sourceTree = SOURCE_ROOT; };
		D0A1E9BC18963D8300D3C770 /* RSTitleView.xib */ = {isa = PBXFileReference; fileEncoding = 4; lastKnownFileType = file.xib; path = RSTitleView.xib; sourceTree = "<group>"; };
		D0A1E9BE18963D9800D3C770 /* RSTitleView.h */ = {isa = PBXFileReference; fileEncoding = 4; lastKnownFileType = sourcecode.c.h; path = RSTitleView.h; sourceTree = "<group>"; };
		D0A1E9BF18963D9800D3C770 /* RSTitleView.m */ = {isa = PBXFileReference; fileEncoding = 4; lastKnownFileType = sourcecode.c.objc; path = RSTitleView.m; sourceTree = "<group>"; };
		D0D9C6391888F9950000D1E5 /* uiss.json */ = {isa = PBXFileReference; fileEncoding = 4; lastKnownFileType = text.json; path = uiss.json; sourceTree = "<group>"; };
		D0F76EFA18B345640069CAB9 /* RSAchievements.h */ = {isa = PBXFileReference; fileEncoding = 4; lastKnownFileType = sourcecode.c.h; path = RSAchievements.h; sourceTree = "<group>"; };
		D0F76EFB18B345640069CAB9 /* RSAchievements.m */ = {isa = PBXFileReference; fileEncoding = 4; lastKnownFileType = sourcecode.c.objc; path = RSAchievements.m; sourceTree = "<group>"; };
		D0F76EFD18B442FC0069CAB9 /* RSStatistics.h */ = {isa = PBXFileReference; fileEncoding = 4; lastKnownFileType = sourcecode.c.h; path = RSStatistics.h; sourceTree = "<group>"; };
		D0F76EFE18B442FC0069CAB9 /* RSStatistics.m */ = {isa = PBXFileReference; fileEncoding = 4; lastKnownFileType = sourcecode.c.objc; path = RSStatistics.m; sourceTree = "<group>"; };
		D0F76F0118B47F3E0069CAB9 /* RSPOIView.xib */ = {isa = PBXFileReference; fileEncoding = 4; lastKnownFileType = file.xib; path = RSPOIView.xib; sourceTree = "<group>"; };
		D0F76F0318B481760069CAB9 /* RSPOIView.h */ = {isa = PBXFileReference; fileEncoding = 4; lastKnownFileType = sourcecode.c.h; path = RSPOIView.h; sourceTree = "<group>"; };
		D0F76F0418B481770069CAB9 /* RSPOIView.m */ = {isa = PBXFileReference; fileEncoding = 4; lastKnownFileType = sourcecode.c.objc; path = RSPOIView.m; sourceTree = "<group>"; };
/* End PBXFileReference section */

/* Begin PBXFrameworksBuildPhase section */
		D017347D18876DAA00C07608 /* Frameworks */ = {
			isa = PBXFrameworksBuildPhase;
			buildActionMask = 2147483647;
			files = (
				D000DCBC18ADC7CE0037C0F8 /* AVFoundation.framework in Frameworks */,
				D017348618876DAA00C07608 /* CoreGraphics.framework in Frameworks */,
				D017348818876DAA00C07608 /* UIKit.framework in Frameworks */,
				D017348418876DAA00C07608 /* Foundation.framework in Frameworks */,
				ECC1382A82A84BA9A347A2AE /* libPods.a in Frameworks */,
				D011DEBC18ABA8720093F905 /* BmobSDK.framework in Frameworks */,
			);
			runOnlyForDeploymentPostprocessing = 0;
		};
		D017349E18876DAA00C07608 /* Frameworks */ = {
			isa = PBXFrameworksBuildPhase;
			buildActionMask = 2147483647;
			files = (
				D01734A318876DAA00C07608 /* XCTest.framework in Frameworks */,
				D01734A518876DAA00C07608 /* UIKit.framework in Frameworks */,
				D01734A418876DAA00C07608 /* Foundation.framework in Frameworks */,
			);
			runOnlyForDeploymentPostprocessing = 0;
		};
/* End PBXFrameworksBuildPhase section */

/* Begin PBXGroup section */
		D017347718876DAA00C07608 = {
			isa = PBXGroup;
			children = (
				D017348918876DAA00C07608 /* ImVIP */,
				D01734A818876DAA00C07608 /* ImVIPTests */,
				D017348218876DAA00C07608 /* Frameworks */,
				D017348118876DAA00C07608 /* Products */,
				9B206531C80E4AC297ED7197 /* Pods.xcconfig */,
			);
			sourceTree = "<group>";
		};
		D017348118876DAA00C07608 /* Products */ = {
			isa = PBXGroup;
			children = (
				D017348018876DAA00C07608 /* ImVIP.app */,
				D01734A118876DAA00C07608 /* ImVIPTests.xctest */,
			);
			name = Products;
			sourceTree = "<group>";
		};
		D017348218876DAA00C07608 /* Frameworks */ = {
			isa = PBXGroup;
			children = (
				D000DCBB18ADC7CE0037C0F8 /* AVFoundation.framework */,
				D011DEBB18ABA8720093F905 /* BmobSDK.framework */,
				D017348318876DAA00C07608 /* Foundation.framework */,
				D017348518876DAA00C07608 /* CoreGraphics.framework */,
				D017348718876DAA00C07608 /* UIKit.framework */,
				D01734A218876DAA00C07608 /* XCTest.framework */,
				C9E7771E61A14EFFBA17B572 /* libPods.a */,
			);
			name = Frameworks;
			sourceTree = "<group>";
		};
		D017348918876DAA00C07608 /* ImVIP */ = {
			isa = PBXGroup;
			children = (
				D0F76F0018B443450069CAB9 /* Data */,
				D0D9C6381888F9950000D1E5 /* UISS */,
				D017349218876DAA00C07608 /* RSAppDelegate.h */,
				D017349318876DAA00C07608 /* RSAppDelegate.m */,
				D017349518876DAA00C07608 /* Main.storyboard */,
				D01734C218878BEE00C07608 /* RSMenuViewController.h */,
				D01734C318878BEE00C07608 /* RSMenuViewController.m */,
				D0194F7A18A9BA4A00297511 /* RSMenuCell.h */,
				D0194F7B18A9BA4A00297511 /* RSMenuCell.m */,
				D04FD25E1892BC0E00EA5646 /* RSProfileViewController.h */,
				D04FD25F1892BC0E00EA5646 /* RSProfileViewController.m */,
				D09E2CAE1893DA7100786A56 /* RSCardsViewController.h */,
				D09E2CAF1893DA7100786A56 /* RSCardsViewController.m */,
				D045895A1894FA4D00077C69 /* RSCardCell.h */,
				D045895B1894FA4D00077C69 /* RSCardCell.m */,
				D0A1E9BC18963D8300D3C770 /* RSTitleView.xib */,
				D0A1E9BE18963D9800D3C770 /* RSTitleView.h */,
				D0A1E9BF18963D9800D3C770 /* RSTitleView.m */,
				D04B82E518A4DA5D007971B3 /* RSCardViewController.h */,
				D04B82E618A4DA5D007971B3 /* RSCardViewController.m */,
				D000DCB018AB72220037C0F8 /* RSNewCardViewController.h */,
				D000DCB118AB72220037C0F8 /* RSNewCardViewController.mm */,
				D000DCB518ADC1EB0037C0F8 /* RSMapViewController.h */,
				D000DCB618ADC1EB0037C0F8 /* RSMapViewController.m */,
				D000DCB818ADC5C30037C0F8 /* RSSalesViewController.h */,
				D000DCB918ADC5C30037C0F8 /* RSSalesViewController.m */,
				D000DCC018AE13A90037C0F8 /* RSStatisticsViewController.h */,
				D000DCC118AE13A90037C0F8 /* RSStatisticsViewController.m */,
				D000DCC318AE14780037C0F8 /* RSScanViewController.h */,
				D000DCC418AE14780037C0F8 /* RSScanViewController.m */,
				D0F76F0118B47F3E0069CAB9 /* RSPOIView.xib */,
				D0F76F0318B481760069CAB9 /* RSPOIView.h */,
				D0F76F0418B481770069CAB9 /* RSPOIView.m */,
				D09F2EBA18B59413004DC7E9 /* RSCardView.xib */,
				D09F2EBC18B59690004DC7E9 /* RSCardView.h */,
				D09F2EBD18B59690004DC7E9 /* RSCardView.m */,
				D017349B18876DAA00C07608 /* Images.xcassets */,
				D017348A18876DAA00C07608 /* Supporting Files */,
			);
			path = ImVIP;
			sourceTree = "<group>";
		};
		D017348A18876DAA00C07608 /* Supporting Files */ = {
			isa = PBXGroup;
			children = (
				D09F2EC018B5EF1C004DC7E9 /* Farrington-7B-Qiqi.ttf */,
				D000DCBD18ADFD5A0037C0F8 /* RSDynamicsDrawerViewController.h */,
				D000DCBE18ADFD5A0037C0F8 /* RSDynamicsDrawerViewController.m */,
				D000DCB318ADBCEC0037C0F8 /* FZQingKeBenYueSongS-R-GB.TTF */,
				D017348B18876DAA00C07608 /* ImVIP-Info.plist */,
				D017348C18876DAA00C07608 /* InfoPlist.strings */,
				D017348F18876DAA00C07608 /* main.m */,
				D01734C81887B3AC00C07608 /* SFUIViewMacroses.h */,
				D017349118876DAA00C07608 /* ImVIP-Prefix.pch */,
				D000DC3C18AB45410037C0F8 /* Localizable.strings */,
			);
			name = "Supporting Files";
			sourceTree = "<group>";
		};
		D01734A818876DAA00C07608 /* ImVIPTests */ = {
			isa = PBXGroup;
			children = (
				D01734AE18876DAA00C07608 /* ImVIPTests.m */,
				D01734A918876DAA00C07608 /* Supporting Files */,
			);
			path = ImVIPTests;
			sourceTree = "<group>";
		};
		D01734A918876DAA00C07608 /* Supporting Files */ = {
			isa = PBXGroup;
			children = (
				D01734AA18876DAA00C07608 /* ImVIPTests-Info.plist */,
				D01734AB18876DAA00C07608 /* InfoPlist.strings */,
			);
			name = "Supporting Files";
			sourceTree = "<group>";
		};
		D0D9C6381888F9950000D1E5 /* UISS */ = {
			isa = PBXGroup;
			children = (
				D0D9C6391888F9950000D1E5 /* uiss.json */,
			);
			path = UISS;
			sourceTree = "<group>";
		};
		D0F76F0018B443450069CAB9 /* Data */ = {
			isa = PBXGroup;
			children = (
				D011DEC018AF9A0C0093F905 /* RSDataCenter.h */,
				D011DEC118AF9A0C0093F905 /* RSDataCenter.m */,
				D0F76EFA18B345640069CAB9 /* RSAchievements.h */,
				D0F76EFB18B345640069CAB9 /* RSAchievements.m */,
				D0F76EFD18B442FC0069CAB9 /* RSStatistics.h */,
				D0F76EFE18B442FC0069CAB9 /* RSStatistics.m */,
			);
			name = Data;
			sourceTree = "<group>";
		};
/* End PBXGroup section */

/* Begin PBXNativeTarget section */
		D017347F18876DAA00C07608 /* ImVIP */ = {
			isa = PBXNativeTarget;
			buildConfigurationList = D01734B218876DAA00C07608 /* Build configuration list for PBXNativeTarget "ImVIP" */;
			buildPhases = (
				57A6AE682C0744708666CAE8 /* Check Pods Manifest.lock */,
				D017347C18876DAA00C07608 /* Sources */,
				D017347D18876DAA00C07608 /* Frameworks */,
				D017347E18876DAA00C07608 /* Resources */,
				111E9D1CE9944B7FBE1F81AB /* Copy Pods Resources */,
			);
			buildRules = (
			);
			dependencies = (
			);
			name = ImVIP;
			productName = ImVIP;
			productReference = D017348018876DAA00C07608 /* ImVIP.app */;
			productType = "com.apple.product-type.application";
		};
		D01734A018876DAA00C07608 /* ImVIPTests */ = {
			isa = PBXNativeTarget;
			buildConfigurationList = D01734B518876DAA00C07608 /* Build configuration list for PBXNativeTarget "ImVIPTests" */;
			buildPhases = (
				D017349D18876DAA00C07608 /* Sources */,
				D017349E18876DAA00C07608 /* Frameworks */,
				D017349F18876DAA00C07608 /* Resources */,
			);
			buildRules = (
			);
			dependencies = (
				D01734A718876DAA00C07608 /* PBXTargetDependency */,
			);
			name = ImVIPTests;
			productName = ImVIPTests;
			productReference = D01734A118876DAA00C07608 /* ImVIPTests.xctest */;
			productType = "com.apple.product-type.bundle.unit-test";
		};
/* End PBXNativeTarget section */

/* Begin PBXProject section */
		D017347818876DAA00C07608 /* Project object */ = {
			isa = PBXProject;
			attributes = {
				CLASSPREFIX = RS;
				LastUpgradeCheck = 0500;
				ORGANIZATIONNAME = P.D.Q.;
				TargetAttributes = {
					D017347F18876DAA00C07608 = {
						SystemCapabilities = {
							com.apple.BackgroundModes = {
								enabled = 1;
							};
						};
					};
					D01734A018876DAA00C07608 = {
						TestTargetID = D017347F18876DAA00C07608;
					};
				};
			};
			buildConfigurationList = D017347B18876DAA00C07608 /* Build configuration list for PBXProject "ImVIP" */;
			compatibilityVersion = "Xcode 3.2";
			developmentRegion = English;
			hasScannedForEncodings = 0;
			knownRegions = (
				en,
				Base,
				"zh-Hans",
			);
			mainGroup = D017347718876DAA00C07608;
			productRefGroup = D017348118876DAA00C07608 /* Products */;
			projectDirPath = "";
			projectRoot = "";
			targets = (
				D017347F18876DAA00C07608 /* ImVIP */,
				D01734A018876DAA00C07608 /* ImVIPTests */,
			);
		};
/* End PBXProject section */

/* Begin PBXResourcesBuildPhase section */
		D017347E18876DAA00C07608 /* Resources */ = {
			isa = PBXResourcesBuildPhase;
			buildActionMask = 2147483647;
			files = (
				D017349C18876DAA00C07608 /* Images.xcassets in Resources */,
				D09F2EC118B5EF1C004DC7E9 /* Farrington-7B-Qiqi.ttf in Resources */,
				D000DC3A18AB45410037C0F8 /* Localizable.strings in Resources */,
				D017348E18876DAA00C07608 /* InfoPlist.strings in Resources */,
				D017349718876DAA00C07608 /* Main.storyboard in Resources */,
				D0D9C63A1888F9950000D1E5 /* uiss.json in Resources */,
				D000DCB418ADBCEC0037C0F8 /* FZQingKeBenYueSongS-R-GB.TTF in Resources */,
				D0F76F0218B47F3E0069CAB9 /* RSPOIView.xib in Resources */,
				D0A1E9BD18963D8300D3C770 /* RSTitleView.xib in Resources */,
				D09F2EBB18B59413004DC7E9 /* RSCardView.xib in Resources */,
			);
			runOnlyForDeploymentPostprocessing = 0;
		};
		D017349F18876DAA00C07608 /* Resources */ = {
			isa = PBXResourcesBuildPhase;
			buildActionMask = 2147483647;
			files = (
				D01734AD18876DAA00C07608 /* InfoPlist.strings in Resources */,
			);
			runOnlyForDeploymentPostprocessing = 0;
		};
/* End PBXResourcesBuildPhase section */

/* Begin PBXShellScriptBuildPhase section */
		111E9D1CE9944B7FBE1F81AB /* Copy Pods Resources */ = {
			isa = PBXShellScriptBuildPhase;
			buildActionMask = 2147483647;
			files = (
			);
			inputPaths = (
			);
			name = "Copy Pods Resources";
			outputPaths = (
			);
			runOnlyForDeploymentPostprocessing = 0;
			shellPath = /bin/sh;
			shellScript = "\"${SRCROOT}/Pods/Pods-resources.sh\"\n";
			showEnvVarsInLog = 0;
		};
		57A6AE682C0744708666CAE8 /* Check Pods Manifest.lock */ = {
			isa = PBXShellScriptBuildPhase;
			buildActionMask = 2147483647;
			files = (
			);
			inputPaths = (
			);
			name = "Check Pods Manifest.lock";
			outputPaths = (
			);
			runOnlyForDeploymentPostprocessing = 0;
			shellPath = /bin/sh;
			shellScript = "diff \"${PODS_ROOT}/../Podfile.lock\" \"${PODS_ROOT}/Manifest.lock\" > /dev/null\nif [[ $? != 0 ]] ; then\n    cat << EOM\nerror: The sandbox is not in sync with the Podfile.lock. Run 'pod install' or update your CocoaPods installation.\nEOM\n    exit 1\nfi\n";
			showEnvVarsInLog = 0;
		};
/* End PBXShellScriptBuildPhase section */

/* Begin PBXSourcesBuildPhase section */
		D017347C18876DAA00C07608 /* Sources */ = {
			isa = PBXSourcesBuildPhase;
			buildActionMask = 2147483647;
			files = (
				D01734C418878BEF00C07608 /* RSMenuViewController.m in Sources */,
				D000DCB718ADC1EB0037C0F8 /* RSMapViewController.m in Sources */,
				D000DCBA18ADC5C30037C0F8 /* RSSalesViewController.m in Sources */,
				D0F76EFC18B345640069CAB9 /* RSAchievements.m in Sources */,
				D0194F7C18A9BA4A00297511 /* RSMenuCell.m in Sources */,
				D09F2EBE18B59690004DC7E9 /* RSCardView.m in Sources */,
				D000DCC218AE13A90037C0F8 /* RSStatisticsViewController.m in Sources */,
				D000DCC518AE14780037C0F8 /* RSScanViewController.m in Sources */,
				D045895C1894FA4D00077C69 /* RSCardCell.m in Sources */,
				D09E2CB01893DA7100786A56 /* RSCardsViewController.m in Sources */,
				D000DCB218AB72220037C0F8 /* RSNewCardViewController.mm in Sources */,
				D011DEC218AF9A0C0093F905 /* RSDataCenter.m in Sources */,
				D04FD2601892BC0E00EA5646 /* RSProfileViewController.m in Sources */,
				D0A1E9C018963D9800D3C770 /* RSTitleView.m in Sources */,
				D000DCBF18ADFD5A0037C0F8 /* RSDynamicsDrawerViewController.m in Sources */,
				D017349018876DAA00C07608 /* main.m in Sources */,
				D017349418876DAA00C07608 /* RSAppDelegate.m in Sources */,
				D0F76F0518B481770069CAB9 /* RSPOIView.m in Sources */,
				D04B82E718A4DA5D007971B3 /* RSCardViewController.m in Sources */,
				D0F76EFF18B442FC0069CAB9 /* RSStatistics.m in Sources */,
			);
			runOnlyForDeploymentPostprocessing = 0;
		};
		D017349D18876DAA00C07608 /* Sources */ = {
			isa = PBXSourcesBuildPhase;
			buildActionMask = 2147483647;
			files = (
				D01734AF18876DAA00C07608 /* ImVIPTests.m in Sources */,
			);
			runOnlyForDeploymentPostprocessing = 0;
		};
/* End PBXSourcesBuildPhase section */

/* Begin PBXTargetDependency section */
		D01734A718876DAA00C07608 /* PBXTargetDependency */ = {
			isa = PBXTargetDependency;
			target = D017347F18876DAA00C07608 /* ImVIP */;
			targetProxy = D01734A618876DAA00C07608 /* PBXContainerItemProxy */;
		};
/* End PBXTargetDependency section */

/* Begin PBXVariantGroup section */
		D000DC3C18AB45410037C0F8 /* Localizable.strings */ = {
			isa = PBXVariantGroup;
			children = (
				D000DC3B18AB45410037C0F8 /* Base */,
				D000DC3D18AB45530037C0F8 /* zh-Hans */,
			);
			name = Localizable.strings;
			sourceTree = "<group>";
		};
		D017348C18876DAA00C07608 /* InfoPlist.strings */ = {
			isa = PBXVariantGroup;
			children = (
				D017348D18876DAA00C07608 /* en */,
			);
			name = InfoPlist.strings;
			sourceTree = "<group>";
		};
		D017349518876DAA00C07608 /* Main.storyboard */ = {
			isa = PBXVariantGroup;
			children = (
				D017349618876DAA00C07608 /* Base */,
			);
			name = Main.storyboard;
			sourceTree = "<group>";
		};
		D01734AB18876DAA00C07608 /* InfoPlist.strings */ = {
			isa = PBXVariantGroup;
			children = (
				D01734AC18876DAA00C07608 /* en */,
			);
			name = InfoPlist.strings;
			sourceTree = "<group>";
		};
/* End PBXVariantGroup section */

/* Begin XCBuildConfiguration section */
		D01734B018876DAA00C07608 /* Debug */ = {
			isa = XCBuildConfiguration;
			buildSettings = {
				ALWAYS_SEARCH_USER_PATHS = NO;
				ARCHS = "$(ARCHS_STANDARD_INCLUDING_64_BIT)";
				CLANG_CXX_LANGUAGE_STANDARD = "gnu++0x";
				CLANG_CXX_LIBRARY = "libc++";
				CLANG_ENABLE_MODULES = YES;
				CLANG_ENABLE_OBJC_ARC = YES;
				CLANG_WARN_BOOL_CONVERSION = YES;
				CLANG_WARN_CONSTANT_CONVERSION = YES;
				CLANG_WARN_DIRECT_OBJC_ISA_USAGE = YES_ERROR;
				CLANG_WARN_EMPTY_BODY = YES;
				CLANG_WARN_ENUM_CONVERSION = YES;
				CLANG_WARN_INT_CONVERSION = YES;
				CLANG_WARN_OBJC_ROOT_CLASS = YES_ERROR;
				CLANG_WARN__DUPLICATE_METHOD_MATCH = YES;
				"CODE_SIGN_IDENTITY[sdk=iphoneos*]" = "iPhone Developer";
				COPY_PHASE_STRIP = NO;
				GCC_C_LANGUAGE_STANDARD = gnu99;
				GCC_DYNAMIC_NO_PIC = NO;
				GCC_OPTIMIZATION_LEVEL = 0;
				GCC_PREPROCESSOR_DEFINITIONS = (
					"DEBUG=1",
					"$(inherited)",
				);
				GCC_SYMBOLS_PRIVATE_EXTERN = NO;
				GCC_WARN_64_TO_32_BIT_CONVERSION = YES;
				GCC_WARN_ABOUT_RETURN_TYPE = YES_ERROR;
				GCC_WARN_UNDECLARED_SELECTOR = YES;
				GCC_WARN_UNINITIALIZED_AUTOS = YES;
				GCC_WARN_UNUSED_FUNCTION = YES;
				GCC_WARN_UNUSED_VARIABLE = YES;
				IPHONEOS_DEPLOYMENT_TARGET = 7.0;
				ONLY_ACTIVE_ARCH = YES;
				SDKROOT = iphoneos;
			};
			name = Debug;
		};
		D01734B118876DAA00C07608 /* Release */ = {
			isa = XCBuildConfiguration;
			buildSettings = {
				ALWAYS_SEARCH_USER_PATHS = NO;
				ARCHS = "$(ARCHS_STANDARD_INCLUDING_64_BIT)";
				CLANG_CXX_LANGUAGE_STANDARD = "gnu++0x";
				CLANG_CXX_LIBRARY = "libc++";
				CLANG_ENABLE_MODULES = YES;
				CLANG_ENABLE_OBJC_ARC = YES;
				CLANG_WARN_BOOL_CONVERSION = YES;
				CLANG_WARN_CONSTANT_CONVERSION = YES;
				CLANG_WARN_DIRECT_OBJC_ISA_USAGE = YES_ERROR;
				CLANG_WARN_EMPTY_BODY = YES;
				CLANG_WARN_ENUM_CONVERSION = YES;
				CLANG_WARN_INT_CONVERSION = YES;
				CLANG_WARN_OBJC_ROOT_CLASS = YES_ERROR;
				CLANG_WARN__DUPLICATE_METHOD_MATCH = YES;
				"CODE_SIGN_IDENTITY[sdk=iphoneos*]" = "iPhone Developer";
				COPY_PHASE_STRIP = YES;
				ENABLE_NS_ASSERTIONS = NO;
				GCC_C_LANGUAGE_STANDARD = gnu99;
				GCC_WARN_64_TO_32_BIT_CONVERSION = YES;
				GCC_WARN_ABOUT_RETURN_TYPE = YES_ERROR;
				GCC_WARN_UNDECLARED_SELECTOR = YES;
				GCC_WARN_UNINITIALIZED_AUTOS = YES;
				GCC_WARN_UNUSED_FUNCTION = YES;
				GCC_WARN_UNUSED_VARIABLE = YES;
				IPHONEOS_DEPLOYMENT_TARGET = 7.0;
				SDKROOT = iphoneos;
				VALIDATE_PRODUCT = YES;
			};
			name = Release;
		};
		D01734B318876DAA00C07608 /* Debug */ = {
			isa = XCBuildConfiguration;
			baseConfigurationReference = 9B206531C80E4AC297ED7197 /* Pods.xcconfig */;
			buildSettings = {
				ASSETCATALOG_COMPILER_APPICON_NAME = AppIcon;
				ASSETCATALOG_COMPILER_LAUNCHIMAGE_NAME = LaunchImage;
				FRAMEWORK_SEARCH_PATHS = (
					"$(inherited)",
					"$(SRCROOT)/Bmob/",
				);
				GCC_PRECOMPILE_PREFIX_HEADER = YES;
				GCC_PREFIX_HEADER = "ImVIP/ImVIP-Prefix.pch";
				INFOPLIST_FILE = "ImVIP/ImVIP-Info.plist";
				PRODUCT_NAME = "$(TARGET_NAME)";
				WRAPPER_EXTENSION = app;
			};
			name = Debug;
		};
		D01734B418876DAA00C07608 /* Release */ = {
			isa = XCBuildConfiguration;
			baseConfigurationReference = 9B206531C80E4AC297ED7197 /* Pods.xcconfig */;
			buildSettings = {
				ASSETCATALOG_COMPILER_APPICON_NAME = AppIcon;
				ASSETCATALOG_COMPILER_LAUNCHIMAGE_NAME = LaunchImage;
				FRAMEWORK_SEARCH_PATHS = (
					"$(inherited)",
					"$(SRCROOT)/Bmob/",
				);
				GCC_PRECOMPILE_PREFIX_HEADER = YES;
				GCC_PREFIX_HEADER = "ImVIP/ImVIP-Prefix.pch";
				INFOPLIST_FILE = "ImVIP/ImVIP-Info.plist";
				PRODUCT_NAME = "$(TARGET_NAME)";
				WRAPPER_EXTENSION = app;
			};
			name = Release;
		};
		D01734B618876DAA00C07608 /* Debug */ = {
			isa = XCBuildConfiguration;
			buildSettings = {
				ARCHS = "$(ARCHS_STANDARD_INCLUDING_64_BIT)";
				BUNDLE_LOADER = "$(BUILT_PRODUCTS_DIR)/ImVIP.app/ImVIP";
				FRAMEWORK_SEARCH_PATHS = (
					"$(SDKROOT)/Developer/Library/Frameworks",
					"$(inherited)",
					"$(DEVELOPER_FRAMEWORKS_DIR)",
				);
				GCC_PRECOMPILE_PREFIX_HEADER = YES;
				GCC_PREFIX_HEADER = "ImVIP/ImVIP-Prefix.pch";
				GCC_PREPROCESSOR_DEFINITIONS = (
					"DEBUG=1",
					"$(inherited)",
				);
				INFOPLIST_FILE = "ImVIPTests/ImVIPTests-Info.plist";
				PRODUCT_NAME = "$(TARGET_NAME)";
				TEST_HOST = "$(BUNDLE_LOADER)";
				WRAPPER_EXTENSION = xctest;
			};
			name = Debug;
		};
		D01734B718876DAA00C07608 /* Release */ = {
			isa = XCBuildConfiguration;
			buildSettings = {
				ARCHS = "$(ARCHS_STANDARD_INCLUDING_64_BIT)";
				BUNDLE_LOADER = "$(BUILT_PRODUCTS_DIR)/ImVIP.app/ImVIP";
				FRAMEWORK_SEARCH_PATHS = (
					"$(SDKROOT)/Developer/Library/Frameworks",
					"$(inherited)",
					"$(DEVELOPER_FRAMEWORKS_DIR)",
				);
				GCC_PRECOMPILE_PREFIX_HEADER = YES;
				GCC_PREFIX_HEADER = "ImVIP/ImVIP-Prefix.pch";
				INFOPLIST_FILE = "ImVIPTests/ImVIPTests-Info.plist";
				PRODUCT_NAME = "$(TARGET_NAME)";
				TEST_HOST = "$(BUNDLE_LOADER)";
				WRAPPER_EXTENSION = xctest;
			};
			name = Release;
		};
/* End XCBuildConfiguration section */

/* Begin XCConfigurationList section */
		D017347B18876DAA00C07608 /* Build configuration list for PBXProject "ImVIP" */ = {
			isa = XCConfigurationList;
			buildConfigurations = (
				D01734B018876DAA00C07608 /* Debug */,
				D01734B118876DAA00C07608 /* Release */,
			);
			defaultConfigurationIsVisible = 0;
			defaultConfigurationName = Release;
		};
		D01734B218876DAA00C07608 /* Build configuration list for PBXNativeTarget "ImVIP" */ = {
			isa = XCConfigurationList;
			buildConfigurations = (
				D01734B318876DAA00C07608 /* Debug */,
				D01734B418876DAA00C07608 /* Release */,
			);
			defaultConfigurationIsVisible = 0;
			defaultConfigurationName = Release;
		};
		D01734B518876DAA00C07608 /* Build configuration list for PBXNativeTarget "ImVIPTests" */ = {
			isa = XCConfigurationList;
			buildConfigurations = (
				D01734B618876DAA00C07608 /* Debug */,
				D01734B718876DAA00C07608 /* Release */,
			);
			defaultConfigurationIsVisible = 0;
			defaultConfigurationName = Release;
		};
/* End XCConfigurationList section */
	};
	rootObject = D017347818876DAA00C07608 /* Project object */;
}
